
Microsoft Visual Studio Solution File, Format Version 12.00
# Visual Studio Version 17
VisualStudioVersion = 17.1.32228.430
MinimumVisualStudioVersion = 10.0.40219.1
Project("{FAE04EC0-301F-11D3-BF4B-00C04F79EFBC}") = "PokeData", "PokeData.csproj", "{D3A69D8A-90C3-4C45-B787-59F687E88C7A}"
EndProject
Project("{E53339B2-1760-4266-BCC7-CA923CBCF16C}") = "docker-compose", "docker-compose.dcproj", "{EAF1E8BF-5A77-43B9-96B4-DEEAD1905169}"
EndProject
Project("{FAE04EC0-301F-11D3-BF4B-00C04F79EFBC}") = "PokeData.Core", "..\PokeData.Core\PokeData.Core.csproj", "{B4DD8AD5-A7B4-4941-BB6E-D8F16EFDEFEC}"
EndProject
Global
	GlobalSection(SolutionConfigurationPlatforms) = preSolution
		Debug|Any CPU = Debug|Any CPU
		Release|Any CPU = Release|Any CPU
	EndGlobalSection
	GlobalSection(ProjectConfigurationPlatforms) = postSolution
		{D3A69D8A-90C3-4C45-B787-59F687E88C7A}.Debug|Any CPU.ActiveCfg = Debug|Any CPU
		{D3A69D8A-90C3-4C45-B787-59F687E88C7A}.Debug|Any CPU.Build.0 = Debug|Any CPU
		{D3A69D8A-90C3-4C45-B787-59F687E88C7A}.Release|Any CPU.ActiveCfg = Release|Any CPU
		{D3A69D8A-90C3-4C45-B787-59F687E88C7A}.Release|Any CPU.Build.0 = Release|Any CPU
		{EAF1E8BF-5A77-43B9-96B4-DEEAD1905169}.Debug|Any CPU.ActiveCfg = Debug|Any CPU
		{EAF1E8BF-5A77-43B9-96B4-DEEAD1905169}.Debug|Any CPU.Build.0 = Debug|Any CPU
		{EAF1E8BF-5A77-43B9-96B4-DEEAD1905169}.Release|Any CPU.ActiveCfg = Release|Any CPU
		{EAF1E8BF-5A77-43B9-96B4-DEEAD1905169}.Release|Any CPU.Build.0 = Release|Any CPU
		{B4DD8AD5-A7B4-4941-BB6E-D8F16EFDEFEC}.Debug|Any CPU.ActiveCfg = Debug|Any CPU
		{B4DD8AD5-A7B4-4941-BB6E-D8F16EFDEFEC}.Debug|Any CPU.Build.0 = Debug|Any CPU
		{B4DD8AD5-A7B4-4941-BB6E-D8F16EFDEFEC}.Release|Any CPU.ActiveCfg = Release|Any CPU
		{B4DD8AD5-A7B4-4941-BB6E-D8F16EFDEFEC}.Release|Any CPU.Build.0 = Release|Any CPU
	EndGlobalSection
	GlobalSection(SolutionProperties) = preSolution
		HideSolutionNode = FALSE
	EndGlobalSection
	GlobalSection(ExtensibilityGlobals) = postSolution
		SolutionGuid = {031C5B86-5769-45FC-9031-18F61AA30B2F}
	EndGlobalSection
EndGlobal
