
Microsoft Visual Studio Solution File, Format Version 12.00
# Visual Studio Version 17
VisualStudioVersion = 17.1.32228.430
MinimumVisualStudioVersion = 10.0.40219.1
Project("{9A19103F-16F7-4668-BE54-9A1E7A4F7556}") = "PokeData", "PokeData.csproj", "{D3A69D8A-90C3-4C45-B787-59F687E88C7A}"
EndProject
Project("{9A19103F-16F7-4668-BE54-9A1E7A4F7556}") = "Domain", "..\Domain\Domain.csproj", "{E1DBFA4D-485A-4123-A85A-9D35F5A534C9}"
EndProject
Project("{E53339B2-1760-4266-BCC7-CA923CBCF16C}") = "docker-compose", "docker-compose.dcproj", "{DD722A4D-E58C-4B63-ABE1-C82E4A025090}"
EndProject
Project("{FAE04EC0-301F-11D3-BF4B-00C04F79EFBC}") = "Web", "..\Web\Web.csproj", "{5B994A8E-B07A-45B2-AF13-860CB10BC253}"
EndProject
Global
	GlobalSection(SolutionConfigurationPlatforms) = preSolution
		Debug|Any CPU = Debug|Any CPU
		Release|Any CPU = Release|Any CPU
	EndGlobalSection
	GlobalSection(ProjectConfigurationPlatforms) = postSolution
		{D3A69D8A-90C3-4C45-B787-59F687E88C7A}.Debug|Any CPU.ActiveCfg = Debug|Any CPU
		{D3A69D8A-90C3-4C45-B787-59F687E88C7A}.Debug|Any CPU.Build.0 = Debug|Any CPU
		{D3A69D8A-90C3-4C45-B787-59F687E88C7A}.Release|Any CPU.ActiveCfg = Release|Any CPU
		{D3A69D8A-90C3-4C45-B787-59F687E88C7A}.Release|Any CPU.Build.0 = Release|Any CPU
		{E1DBFA4D-485A-4123-A85A-9D35F5A534C9}.Debug|Any CPU.ActiveCfg = Debug|Any CPU
		{E1DBFA4D-485A-4123-A85A-9D35F5A534C9}.Debug|Any CPU.Build.0 = Debug|Any CPU
		{E1DBFA4D-485A-4123-A85A-9D35F5A534C9}.Release|Any CPU.ActiveCfg = Release|Any CPU
		{E1DBFA4D-485A-4123-A85A-9D35F5A534C9}.Release|Any CPU.Build.0 = Release|Any CPU
		{DD722A4D-E58C-4B63-ABE1-C82E4A025090}.Debug|Any CPU.ActiveCfg = Debug|Any CPU
		{DD722A4D-E58C-4B63-ABE1-C82E4A025090}.Debug|Any CPU.Build.0 = Debug|Any CPU
		{DD722A4D-E58C-4B63-ABE1-C82E4A025090}.Release|Any CPU.ActiveCfg = Release|Any CPU
		{DD722A4D-E58C-4B63-ABE1-C82E4A025090}.Release|Any CPU.Build.0 = Release|Any CPU
		{5B994A8E-B07A-45B2-AF13-860CB10BC253}.Debug|Any CPU.ActiveCfg = Debug|Any CPU
		{5B994A8E-B07A-45B2-AF13-860CB10BC253}.Debug|Any CPU.Build.0 = Debug|Any CPU
		{5B994A8E-B07A-45B2-AF13-860CB10BC253}.Release|Any CPU.ActiveCfg = Release|Any CPU
		{5B994A8E-B07A-45B2-AF13-860CB10BC253}.Release|Any CPU.Build.0 = Release|Any CPU
	EndGlobalSection
	GlobalSection(SolutionProperties) = preSolution
		HideSolutionNode = FALSE
	EndGlobalSection
	GlobalSection(ExtensibilityGlobals) = postSolution
		SolutionGuid = {031C5B86-5769-45FC-9031-18F61AA30B2F}
	EndGlobalSection
EndGlobal
